<?xml version="1.0" encoding="utf-8"?>
<Project ToolsVersion="4.0" xmlns="http://schemas.microsoft.com/developer/msbuild/2003">
  <ItemGroup>
    <Filter Include="Source Files">
      <UniqueIdentifier>{4FC737F1-C7A5-4376-A066-2A32D752A2FF}</UniqueIdentifier>
      <Extensions>cpp;c;cxx;def;odl;idl;hpj;bat;asm;asmx</Extensions>
    </Filter>
    <Filter Include="Source Files\GUI">
      <UniqueIdentifier>{f2962f65-5b29-48c5-89d3-edb7bf3002dc}</UniqueIdentifier>
    </Filter>
    <Filter Include="Source Files\Tools">
      <UniqueIdentifier>{50579539-5afc-4471-817a-5e9a11f74305}</UniqueIdentifier>
    </Filter>
    <Filter Include="Header Files">
      <UniqueIdentifier>{93995380-89BD-4b04-88EB-625FBE52EBFB}</UniqueIdentifier>
      <Extensions>h;hpp;hxx;hm;inl;inc;xsd</Extensions>
    </Filter>
    <Filter Include="Header Files\GUI">
      <UniqueIdentifier>{faaa17f3-cdff-495f-b5e4-e81a80d1575d}</UniqueIdentifier>
    </Filter>
    <Filter Include="Header Files\Tools">
      <UniqueIdentifier>{ca63d25a-dfa9-4cfa-8466-06033c2aab91}</UniqueIdentifier>
    </Filter>
    <Filter Include="glpng">
      <UniqueIdentifier>{89d85f46-acb5-452e-a228-fb5b5c99d647}</UniqueIdentifier>
    </Filter>
    <Filter Include="glpng\zlib">
      <UniqueIdentifier>{45ba766e-96b4-424b-883a-43e822549839}</UniqueIdentifier>
    </Filter>
    <Filter Include="glpng\png">
      <UniqueIdentifier>{5c344b7b-2c85-43f8-b078-61879391e38f}</UniqueIdentifier>
    </Filter>
  </ItemGroup>
  <ItemGroup>
    <ClCompile Include="GUIAlphaElement.cpp">
      <Filter>Source Files\GUI</Filter>
    </ClCompile>
    <ClCompile Include="GUIButton.cpp">
      <Filter>Source Files\GUI</Filter>
    </ClCompile>
    <ClCompile Include="GUICheckBox.cpp">
      <Filter>Source Files\GUI</Filter>
    </ClCompile>
    <ClCompile Include="GUIClippedRectangle.cpp">
      <Filter>Source Files\GUI</Filter>
    </ClCompile>
    <ClCompile Include="GUIComboBox.cpp">
      <Filter>Source Files\GUI</Filter>
    </ClCompile>
    <ClCompile Include="GUIEvent.cpp">
      <Filter>Source Files\GUI</Filter>
    </ClCompile>
    <ClCompile Include="GUIFont.cpp">
      <Filter>Source Files\GUI</Filter>
    </ClCompile>
    <ClCompile Include="GUIFontManager.cpp">
      <Filter>Source Files\GUI</Filter>
    </ClCompile>
    <ClCompile Include="GUIFrame.cpp">
      <Filter>Source Files\GUI</Filter>
    </ClCompile>
    <ClCompile Include="GUILabel.cpp">
      <Filter>Source Files\GUI</Filter>
    </ClCompile>
    <ClCompile Include="GUIPanel.cpp">
      <Filter>Source Files\GUI</Filter>
    </ClCompile>
    <ClCompile Include="GUIRadioButton.cpp">
      <Filter>Source Files\GUI</Filter>
    </ClCompile>
    <ClCompile Include="GUIRectangle.cpp">
      <Filter>Source Files\GUI</Filter>
    </ClCompile>
    <ClCompile Include="GUISeparator.cpp">
      <Filter>Source Files\GUI</Filter>
    </ClCompile>
    <ClCompile Include="GUISlider.cpp">
      <Filter>Source Files\GUI</Filter>
    </ClCompile>
    <ClCompile Include="GUITabbedPanel.cpp">
      <Filter>Source Files\GUI</Filter>
    </ClCompile>
    <ClCompile Include="GUITexCoordDescriptor.cpp">
      <Filter>Source Files\GUI</Filter>
    </ClCompile>
    <ClCompile Include="GUIText.cpp">
      <Filter>Source Files\GUI</Filter>
    </ClCompile>
    <ClCompile Include="GUITextBox.cpp">
      <Filter>Source Files\GUI</Filter>
    </ClCompile>
    <ClCompile Include="Font.cpp">
      <Filter>Source Files\Tools</Filter>
    </ClCompile>
    <ClCompile Include="GenUtils.cpp">
      <Filter>Source Files\Tools</Filter>
    </ClCompile>
    <ClCompile Include="GLee.cpp">
      <Filter>Source Files\Tools</Filter>
    </ClCompile>
    <ClCompile Include="TextureUtils.cpp">
      <Filter>Source Files\Tools</Filter>
    </ClCompile>
    <ClCompile Include="TimeUtils.cpp">
      <Filter>Source Files\Tools</Filter>
    </ClCompile>
    <ClCompile Include="XMLUtils.cpp">
      <Filter>Source Files\Tools</Filter>
    </ClCompile>
    <ClCompile Include="glpng\glpng.c">
      <Filter>glpng</Filter>
    </ClCompile>
    <ClCompile Include="glpng\zlib\adler32.c">
      <Filter>glpng\zlib</Filter>
    </ClCompile>
    <ClCompile Include="glpng\zlib\crc32.c">
      <Filter>glpng\zlib</Filter>
    </ClCompile>
    <ClCompile Include="glpng\zlib\infblock.c">
      <Filter>glpng\zlib</Filter>
    </ClCompile>
    <ClCompile Include="glpng\zlib\infcodes.c">
      <Filter>glpng\zlib</Filter>
    </ClCompile>
    <ClCompile Include="glpng\zlib\inffast.c">
      <Filter>glpng\zlib</Filter>
    </ClCompile>
    <ClCompile Include="glpng\zlib\inflate.c">
      <Filter>glpng\zlib</Filter>
    </ClCompile>
    <ClCompile Include="glpng\zlib\inftrees.c">
      <Filter>glpng\zlib</Filter>
    </ClCompile>
    <ClCompile Include="glpng\zlib\infutil.c">
      <Filter>glpng\zlib</Filter>
    </ClCompile>
    <ClCompile Include="glpng\zlib\zutil.c">
      <Filter>glpng\zlib</Filter>
    </ClCompile>
    <ClCompile Include="glpng\png\png.c">
      <Filter>glpng\png</Filter>
    </ClCompile>
    <ClCompile Include="glpng\png\pngerror.c">
      <Filter>glpng\png</Filter>
    </ClCompile>
    <ClCompile Include="glpng\png\pngget.c">
      <Filter>glpng\png</Filter>
    </ClCompile>
    <ClCompile Include="glpng\png\pngmem.c">
      <Filter>glpng\png</Filter>
    </ClCompile>
    <ClCompile Include="glpng\png\pngpread.c">
      <Filter>glpng\png</Filter>
    </ClCompile>
    <ClCompile Include="glpng\png\pngread.c">
      <Filter>glpng\png</Filter>
    </ClCompile>
    <ClCompile Include="glpng\png\pngrio.c">
      <Filter>glpng\png</Filter>
    </ClCompile>
    <ClCompile Include="glpng\png\pngrtran.c">
      <Filter>glpng\png</Filter>
    </ClCompile>
    <ClCompile Include="glpng\png\pngrutil.c">
      <Filter>glpng\png</Filter>
    </ClCompile>
    <ClCompile Include="glpng\png\pngset.c">
      <Filter>glpng\png</Filter>
    </ClCompile>
    <ClCompile Include="glpng\png\pngtrans.c">
      <Filter>glpng\png</Filter>
    </ClCompile>
  </ItemGroup>
  <ItemGroup>
    <ClInclude Include="EasyGL.h">
      <Filter>Header Files\GUI</Filter>
    </ClInclude>
    <ClInclude Include="Font.h">
      <Filter>Header Files\Tools</Filter>
    </ClInclude>
    <ClInclude Include="GenUtils.h">
      <Filter>Header Files\Tools</Filter>
    </ClInclude>
    <ClInclude Include="GLee.h">
      <Filter>Header Files\Tools</Filter>
    </ClInclude>
    <ClInclude Include="MathUtils.h">
      <Filter>Header Files\Tools</Filter>
    </ClInclude>
    <ClInclude Include="TextureUtils.h">
      <Filter>Header Files\Tools</Filter>
    </ClInclude>
    <ClInclude Include="TimeUtils.h">
      <Filter>Header Files\Tools</Filter>
    </ClInclude>
    <ClInclude Include="XMLUtils.h">
      <Filter>Header Files\Tools</Filter>
    </ClInclude>
    <ClInclude Include="glpng\glpng.h">
      <Filter>glpng</Filter>
    </ClInclude>
    <ClInclude Include="glpng\zlib\infblock.h">
      <Filter>glpng\zlib</Filter>
    </ClInclude>
    <ClInclude Include="glpng\zlib\infcodes.h">
      <Filter>glpng\zlib</Filter>
    </ClInclude>
    <ClInclude Include="glpng\zlib\inffast.h">
      <Filter>glpng\zlib</Filter>
    </ClInclude>
    <ClInclude Include="glpng\zlib\inffixed.h">
      <Filter>glpng\zlib</Filter>
    </ClInclude>
    <ClInclude Include="glpng\zlib\inftrees.h">
      <Filter>glpng\zlib</Filter>
    </ClInclude>
    <ClInclude Include="glpng\zlib\infutil.h">
      <Filter>glpng\zlib</Filter>
    </ClInclude>
    <ClInclude Include="glpng\zlib\zconf.h">
      <Filter>glpng\zlib</Filter>
    </ClInclude>
    <ClInclude Include="glpng\zlib\zlib.h">
      <Filter>glpng\zlib</Filter>
    </ClInclude>
    <ClInclude Include="glpng\zlib\zutil.h">
      <Filter>glpng\zlib</Filter>
    </ClInclude>
    <ClInclude Include="glpng\png\png.h">
      <Filter>glpng\png</Filter>
    </ClInclude>
    <ClInclude Include="glpng\png\pngconf.h">
      <Filter>glpng\png</Filter>
    </ClInclude>
  </ItemGroup>
</Project>