<?xml version="1.0" encoding="utf-8"?>
<Project ToolsVersion="4.0" xmlns="http://schemas.microsoft.com/developer/msbuild/2003">
  <ItemGroup>
    <Filter Include="utility">
      <UniqueIdentifier>{5f56d12f-20c7-4080-8887-2a8fee560855}</UniqueIdentifier>
    </Filter>
    <Filter Include="chemistry">
      <UniqueIdentifier>{c74d5db1-f67c-4d46-8c16-dc0ff0c0dec0}</UniqueIdentifier>
    </Filter>
    <Filter Include="affinity">
      <UniqueIdentifier>{b052e639-b292-4668-90bd-54591b8c858f}</UniqueIdentifier>
    </Filter>
  </ItemGroup>
  <ItemGroup>
    <ClCompile Include="..\utility\baseObject.cpp">
      <Filter>utility</Filter>
    </ClCompile>
    <ClCompile Include="..\utility\camera.cpp">
      <Filter>utility</Filter>
    </ClCompile>
    <ClCompile Include="..\utility\fileio.cpp">
      <Filter>utility</Filter>
    </ClCompile>
    <ClCompile Include="..\utility\frameRate.cpp">
      <Filter>utility</Filter>
    </ClCompile>
    <ClCompile Include="..\utility\frustum.cpp">
      <Filter>utility</Filter>
    </ClCompile>
    <ClCompile Include="..\utility\gettime.cpp">
      <Filter>utility</Filter>
    </ClCompile>
    <ClCompile Include="..\utility\log.cpp">
      <Filter>utility</Filter>
    </ClCompile>
    <ClCompile Include="..\utility\md5.cpp">
      <Filter>utility</Filter>
    </ClCompile>
    <ClCompile Include="..\utility\octree.cpp">
      <Filter>utility</Filter>
    </ClCompile>
    <ClCompile Include="..\utility\quaternion.cpp">
      <Filter>utility</Filter>
    </ClCompile>
    <ClCompile Include="..\utility\random.cpp">
      <Filter>utility</Filter>
    </ClCompile>
    <ClCompile Include="..\utility\spacial.cpp">
      <Filter>utility</Filter>
    </ClCompile>
    <ClCompile Include="..\chemistry\atom.cpp">
      <Filter>chemistry</Filter>
    </ClCompile>
    <ClCompile Include="..\chemistry\body.cpp">
      <Filter>chemistry</Filter>
    </ClCompile>
    <ClCompile Include="..\chemistry\chemistry.cpp">
      <Filter>chemistry</Filter>
    </ClCompile>
    <ClCompile Include="..\chemistry\molecule.cpp">
      <Filter>chemistry</Filter>
    </ClCompile>
    <ClCompile Include="..\chemistry\parameters.cpp">
      <Filter>chemistry</Filter>
    </ClCompile>
    <ClCompile Include="..\chemistry\thermal.cpp">
      <Filter>chemistry</Filter>
    </ClCompile>
    <ClCompile Include="affinity.cpp">
      <Filter>affinity</Filter>
    </ClCompile>
    <ClCompile Include="evolveAffinity.cpp">
      <Filter>affinity</Filter>
    </ClCompile>
  </ItemGroup>
  <ItemGroup>
    <ClInclude Include="..\utility\baseObject.hpp">
      <Filter>utility</Filter>
    </ClInclude>
    <ClInclude Include="..\utility\camera.hpp">
      <Filter>utility</Filter>
    </ClInclude>
    <ClInclude Include="..\utility\fileio.h">
      <Filter>utility</Filter>
    </ClInclude>
    <ClInclude Include="..\utility\frameRate.hpp">
      <Filter>utility</Filter>
    </ClInclude>
    <ClInclude Include="..\utility\frustum.hpp">
      <Filter>utility</Filter>
    </ClInclude>
    <ClInclude Include="..\utility\gettime.h">
      <Filter>utility</Filter>
    </ClInclude>
    <ClInclude Include="..\utility\log.hpp">
      <Filter>utility</Filter>
    </ClInclude>
    <ClInclude Include="..\utility\matrix.hpp">
      <Filter>utility</Filter>
    </ClInclude>
    <ClInclude Include="..\utility\md5.h">
      <Filter>utility</Filter>
    </ClInclude>
    <ClInclude Include="..\utility\octree.hpp">
      <Filter>utility</Filter>
    </ClInclude>
    <ClInclude Include="..\utility\quaternion.hpp">
      <Filter>utility</Filter>
    </ClInclude>
    <ClInclude Include="..\utility\random.hpp">
      <Filter>utility</Filter>
    </ClInclude>
    <ClInclude Include="..\utility\spacial.hpp">
      <Filter>utility</Filter>
    </ClInclude>
    <ClInclude Include="..\utility\vector.hpp">
      <Filter>utility</Filter>
    </ClInclude>
    <ClInclude Include="..\chemistry\atom.hpp">
      <Filter>chemistry</Filter>
    </ClInclude>
    <ClInclude Include="..\chemistry\body.hpp">
      <Filter>chemistry</Filter>
    </ClInclude>
    <ClInclude Include="..\chemistry\chemistry.hpp">
      <Filter>chemistry</Filter>
    </ClInclude>
    <ClInclude Include="..\chemistry\molecule.hpp">
      <Filter>chemistry</Filter>
    </ClInclude>
    <ClInclude Include="..\chemistry\parameters.hpp">
      <Filter>chemistry</Filter>
    </ClInclude>
    <ClInclude Include="..\chemistry\thermal.hpp">
      <Filter>chemistry</Filter>
    </ClInclude>
    <ClInclude Include="affinity.h">
      <Filter>affinity</Filter>
    </ClInclude>
  </ItemGroup>
</Project>